{
  "object": {
    "pins": [
      {
        "package": "ExtensionsLib",
        "repositoryURL": "https://github.com/talishgeorge/ExtensionsLib.git",
        "state": {
          "branch": null,
          "revision": "782d2f2ec7be9bfb3ec07f4e5b05f68c0660e09a",
          "version": "1.0.6"
        }
      },
      {
        "package": "NetWorkLib",
        "repositoryURL": "https://github.com/talishgeorge/NetWorkLib.git",
        "state": {
          "branch": null,
          "revision": "cd642f5663b2a1ee80bc0d7a7d5175128b244902",
          "version": "1.0.0"
        }
      },
      {
        "package": "UtilitiesLib",
        "repositoryURL": "https://github.com/talishgeorge/UtilitiesLib.git",
        "state": {
          "branch": null,
          "revision": "834c6fdec31d4197c9d95f1e7af8f62b7054b358",
          "version": "1.0.3"
        }
      }
    ]
  },
  "version": 1
}
