{
  "object": {
    "pins": [
      {
        "package": "ExtensionsLib",
        "repositoryURL": "https://github.com/talishgeorge/ExtensionsLib.git",
        "state": {
          "branch": null,
          "revision": "ccc1adbe7d216636c310a4e75d8ce456fc9dfafc",
          "version": "1.0.8"
        }
      },
      {
        "package": "NetWorkLib",
        "repositoryURL": "https://github.com/talishgeorge/NetWorkLib.git",
        "state": {
          "branch": null,
          "revision": "b6f79a792f91b9e5fc3abbc67a7e73b442895763",
          "version": "1.1.1"
        }
      },
      {
        "package": "UtilitiesLib",
        "repositoryURL": "https://github.com/talishgeorge/UtilitiesLib.git",
        "state": {
          "branch": null,
          "revision": "3293c0cf10c2106069c3f56a071dffed097ad209",
          "version": "1.0.7"
        }
      }
    ]
  },
  "version": 1
}
