{
  "object": {
    "pins": [
      {
        "package": "Alamofire",
        "repositoryURL": "https://github.com/Alamofire/Alamofire.git",
        "state": {
          "branch": null,
          "revision": "747c8db8d57b68d5e35275f10c92d55f982adbd4",
          "version": "4.9.1"
        }
      },
      {
        "package": "ExtensionsLib",
        "repositoryURL": "https://github.com/talishgeorge/ExtensionsLib.git",
        "state": {
          "branch": null,
          "revision": "afd55ce284a9692e7a0ba82c9e299bd03a6f4adf",
          "version": "1.0.0"
        }
      },
      {
        "package": "SBNLib",
        "repositoryURL": "https://github.com/talishgeorge/SBNLib.git",
        "state": {
          "branch": null,
          "revision": "fc678e155d2ee1ce0f9d72a70a6caa275a095a21",
          "version": "1.0.0"
        }
      },
      {
        "package": "UtilitiesLib",
        "repositoryURL": "https://github.com/talishgeorge/UtilitiesLib.git",
        "state": {
          "branch": null,
          "revision": "268cafe66c97b5bb4dae56617ea3cdde641c9bd3",
          "version": "1.0.0"
        }
      }
    ]
  },
  "version": 1
}
