{
  "object": {
    "pins": [
      {
        "package": "ExtensionsLib",
        "repositoryURL": "https://github.com/talishgeorge/ExtensionsLib.git",
        "state": {
          "branch": null,
          "revision": "0e2b2a98fd5efabfbec9d6ff588377c67f749812",
          "version": "1.0.3"
        }
      },
      {
        "package": "UtilitiesLib",
        "repositoryURL": "https://github.com/talishgeorge/UtilitiesLib.git",
        "state": {
          "branch": null,
          "revision": "834c6fdec31d4197c9d95f1e7af8f62b7054b358",
          "version": "1.0.3"
        }
      }
    ]
  },
  "version": 1
}
