// !$*UTF8*$!
{
	archiveVersion = 1;
	classes = {
	};
	objectVersion = 51;
	objects = {

/* Begin PBXBuildFile section */
		4EAB83F97C084839CF1016B3 /* Pods_FlowGuide.framework in Frameworks */ = {isa = PBXBuildFile; fileRef = 76797B00750CE7074ABE689C /* Pods_FlowGuide.framework */; };
		83006B96246EE22B00B08094 /* AppDelegate.swift in Sources */ = {isa = PBXBuildFile; fileRef = 83006B95246EE22B00B08094 /* AppDelegate.swift */; };
		83006B98246EE22B00B08094 /* SceneDelegate.swift in Sources */ = {isa = PBXBuildFile; fileRef = 83006B97246EE22B00B08094 /* SceneDelegate.swift */; };
		83006B9D246EE22B00B08094 /* Main.storyboard in Resources */ = {isa = PBXBuildFile; fileRef = 83006B9B246EE22B00B08094 /* Main.storyboard */; };
		83006BA0246EE22B00B08094 /* FlowGuide.xcdatamodeld in Sources */ = {isa = PBXBuildFile; fileRef = 83006B9E246EE22B00B08094 /* FlowGuide.xcdatamodeld */; };
		83006BA2246EE22D00B08094 /* Assets.xcassets in Resources */ = {isa = PBXBuildFile; fileRef = 83006BA1246EE22D00B08094 /* Assets.xcassets */; };
		83006BA5246EE22D00B08094 /* LaunchScreen.storyboard in Resources */ = {isa = PBXBuildFile; fileRef = 83006BA3246EE22D00B08094 /* LaunchScreen.storyboard */; };
		83006BB0246EE22D00B08094 /* FlowGuideTests.swift in Sources */ = {isa = PBXBuildFile; fileRef = 83006BAF246EE22D00B08094 /* FlowGuideTests.swift */; };
		83006BBE246EE29200B08094 /* LoadingViewController.swift in Sources */ = {isa = PBXBuildFile; fileRef = 83006BBD246EE29200B08094 /* LoadingViewController.swift */; };
		831523ED246F796900F48DDA /* PresenterManager.swift in Sources */ = {isa = PBXBuildFile; fileRef = 831523EC246F796900F48DDA /* PresenterManager.swift */; };
		831523F5246F802300F48DDA /* SettingsViewController.swift in Sources */ = {isa = PBXBuildFile; fileRef = 831523F4246F802300F48DDA /* SettingsViewController.swift */; };
		831523F82471020500F48DDA /* Colors.xcassets in Resources */ = {isa = PBXBuildFile; fileRef = 831523F72471020500F48DDA /* Colors.xcassets */; };
		831523FB2472151D00F48DDA /* OnBoardingViewController.swift in Sources */ = {isa = PBXBuildFile; fileRef = 831523FA2472151D00F48DDA /* OnBoardingViewController.swift */; };
		831523FE24722BD500F48DDA /* OnBoardingCollectionViewCell.swift in Sources */ = {isa = PBXBuildFile; fileRef = 831523FD24722BD500F48DDA /* OnBoardingCollectionViewCell.swift */; };
		833570DB247A65AF002E26A0 /* OnBoardingViewModel.swift in Sources */ = {isa = PBXBuildFile; fileRef = 833570DA247A65AF002E26A0 /* OnBoardingViewModel.swift */; };
		833570DC247A65AF002E26A0 /* OnBoardingViewModel.swift in Sources */ = {isa = PBXBuildFile; fileRef = 833570DA247A65AF002E26A0 /* OnBoardingViewModel.swift */; };
		833570DF247A660D002E26A0 /* BaseViewModel.swift in Sources */ = {isa = PBXBuildFile; fileRef = 833570DE247A660D002E26A0 /* BaseViewModel.swift */; };
		833570E0247A660D002E26A0 /* BaseViewModel.swift in Sources */ = {isa = PBXBuildFile; fileRef = 833570DE247A660D002E26A0 /* BaseViewModel.swift */; };
		833570E2247A8579002E26A0 /* Connectivity.swift in Sources */ = {isa = PBXBuildFile; fileRef = 833570E1247A8579002E26A0 /* Connectivity.swift */; };
		833570E3247A8579002E26A0 /* Connectivity.swift in Sources */ = {isa = PBXBuildFile; fileRef = 833570E1247A8579002E26A0 /* Connectivity.swift */; };
		833570E5247A8A33002E26A0 /* BaseViewController.swift in Sources */ = {isa = PBXBuildFile; fileRef = 833570E4247A8A33002E26A0 /* BaseViewController.swift */; };
		833570E6247A8A33002E26A0 /* BaseViewController.swift in Sources */ = {isa = PBXBuildFile; fileRef = 833570E4247A8A33002E26A0 /* BaseViewController.swift */; };
		833570E8247AA0C1002E26A0 /* UIColor+Extension.swift in Sources */ = {isa = PBXBuildFile; fileRef = 833570E7247AA0C1002E26A0 /* UIColor+Extension.swift */; };
		833570E9247AA0C1002E26A0 /* UIColor+Extension.swift in Sources */ = {isa = PBXBuildFile; fileRef = 833570E7247AA0C1002E26A0 /* UIColor+Extension.swift */; };
		833570EB247AA2C1002E26A0 /* Styles.swift in Sources */ = {isa = PBXBuildFile; fileRef = 833570EA247AA2C1002E26A0 /* Styles.swift */; };
		833570EC247AA2C1002E26A0 /* Styles.swift in Sources */ = {isa = PBXBuildFile; fileRef = 833570EA247AA2C1002E26A0 /* Styles.swift */; };
		833570EF247ACBFA002E26A0 /* OnBoardingViewController+CollectionView.swift in Sources */ = {isa = PBXBuildFile; fileRef = 833570EE247ACBFA002E26A0 /* OnBoardingViewController+CollectionView.swift */; };
		833570F0247ACBFA002E26A0 /* OnBoardingViewController+CollectionView.swift in Sources */ = {isa = PBXBuildFile; fileRef = 833570EE247ACBFA002E26A0 /* OnBoardingViewController+CollectionView.swift */; };
		833570F2247AD948002E26A0 /* OnBoardingLocalization.swift in Sources */ = {isa = PBXBuildFile; fileRef = 833570F1247AD948002E26A0 /* OnBoardingLocalization.swift */; };
		833570F3247AD948002E26A0 /* OnBoardingLocalization.swift in Sources */ = {isa = PBXBuildFile; fileRef = 833570F1247AD948002E26A0 /* OnBoardingLocalization.swift */; };
		833570F5247AD9A2002E26A0 /* Localizable.swift in Sources */ = {isa = PBXBuildFile; fileRef = 833570F4247AD9A2002E26A0 /* Localizable.swift */; };
		833570F6247AD9A2002E26A0 /* Localizable.swift in Sources */ = {isa = PBXBuildFile; fileRef = 833570F4247AD9A2002E26A0 /* Localizable.swift */; };
		833570F8247ADA01002E26A0 /* LoginViewModel.swift in Sources */ = {isa = PBXBuildFile; fileRef = 833570F7247ADA01002E26A0 /* LoginViewModel.swift */; };
		833570F9247ADA01002E26A0 /* LoginViewModel.swift in Sources */ = {isa = PBXBuildFile; fileRef = 833570F7247ADA01002E26A0 /* LoginViewModel.swift */; };
		833570FB247ADB67002E26A0 /* LoginLocalization.swift in Sources */ = {isa = PBXBuildFile; fileRef = 833570FA247ADB67002E26A0 /* LoginLocalization.swift */; };
		833570FC247ADB67002E26A0 /* LoginLocalization.swift in Sources */ = {isa = PBXBuildFile; fileRef = 833570FA247ADB67002E26A0 /* LoginLocalization.swift */; };
		833570FE247ADEFD002E26A0 /* LoadingViewModel.swift in Sources */ = {isa = PBXBuildFile; fileRef = 833570FD247ADEFD002E26A0 /* LoadingViewModel.swift */; };
		833570FF247ADEFD002E26A0 /* LoadingViewModel.swift in Sources */ = {isa = PBXBuildFile; fileRef = 833570FD247ADEFD002E26A0 /* LoadingViewModel.swift */; };
		83357102247B741D002E26A0 /* NewsViewController+TableView.swift in Sources */ = {isa = PBXBuildFile; fileRef = 83357101247B741D002E26A0 /* NewsViewController+TableView.swift */; };
		83357103247B741D002E26A0 /* NewsViewController+TableView.swift in Sources */ = {isa = PBXBuildFile; fileRef = 83357101247B741D002E26A0 /* NewsViewController+TableView.swift */; };
		83357105247B7473002E26A0 /* NewsLocalizaion.swift in Sources */ = {isa = PBXBuildFile; fileRef = 83357104247B7473002E26A0 /* NewsLocalizaion.swift */; };
		83357106247B7473002E26A0 /* NewsLocalizaion.swift in Sources */ = {isa = PBXBuildFile; fileRef = 83357104247B7473002E26A0 /* NewsLocalizaion.swift */; };
		8335710B247BA086002E26A0 /* Localizable.strings in Resources */ = {isa = PBXBuildFile; fileRef = 8335710E247BA086002E26A0 /* Localizable.strings */; };
		8335710C247BA086002E26A0 /* Localizable.strings in Resources */ = {isa = PBXBuildFile; fileRef = 8335710E247BA086002E26A0 /* Localizable.strings */; };
		83357111247BB13F002E26A0 /* LoadingLocalization.swift in Sources */ = {isa = PBXBuildFile; fileRef = 83357110247BB13F002E26A0 /* LoadingLocalization.swift */; };
		83357112247BB13F002E26A0 /* LoadingLocalization.swift in Sources */ = {isa = PBXBuildFile; fileRef = 83357110247BB13F002E26A0 /* LoadingLocalization.swift */; };
		83357118247BDEA8002E26A0 /* OnBoardingItem.swift in Sources */ = {isa = PBXBuildFile; fileRef = 83357117247BDEA8002E26A0 /* OnBoardingItem.swift */; };
		83357119247BDEA8002E26A0 /* OnBoardingItem.swift in Sources */ = {isa = PBXBuildFile; fileRef = 83357117247BDEA8002E26A0 /* OnBoardingItem.swift */; };
		83357133247BEE48002E26A0 /* ServiceResponse.swift in Sources */ = {isa = PBXBuildFile; fileRef = 83357132247BEE48002E26A0 /* ServiceResponse.swift */; };
		83357134247BEE48002E26A0 /* ServiceResponse.swift in Sources */ = {isa = PBXBuildFile; fileRef = 83357132247BEE48002E26A0 /* ServiceResponse.swift */; };
		8335713C247C20C5002E26A0 /* Service.swift in Sources */ = {isa = PBXBuildFile; fileRef = 83357135247C20C4002E26A0 /* Service.swift */; };
		8335713D247C20C5002E26A0 /* Service.swift in Sources */ = {isa = PBXBuildFile; fileRef = 83357135247C20C4002E26A0 /* Service.swift */; };
		8335713E247C20C5002E26A0 /* APIRequestModel.swift in Sources */ = {isa = PBXBuildFile; fileRef = 83357136247C20C4002E26A0 /* APIRequestModel.swift */; };
		8335713F247C20C5002E26A0 /* APIRequestModel.swift in Sources */ = {isa = PBXBuildFile; fileRef = 83357136247C20C4002E26A0 /* APIRequestModel.swift */; };
		83357140247C20C5002E26A0 /* ErrorHandler.swift in Sources */ = {isa = PBXBuildFile; fileRef = 83357137247C20C4002E26A0 /* ErrorHandler.swift */; };
		83357141247C20C5002E26A0 /* ErrorHandler.swift in Sources */ = {isa = PBXBuildFile; fileRef = 83357137247C20C4002E26A0 /* ErrorHandler.swift */; };
		83357142247C20C5002E26A0 /* CommonErrorUtility.swift in Sources */ = {isa = PBXBuildFile; fileRef = 83357138247C20C4002E26A0 /* CommonErrorUtility.swift */; };
		83357143247C20C5002E26A0 /* CommonErrorUtility.swift in Sources */ = {isa = PBXBuildFile; fileRef = 83357138247C20C4002E26A0 /* CommonErrorUtility.swift */; };
		83357144247C20C5002E26A0 /* Headers.swift in Sources */ = {isa = PBXBuildFile; fileRef = 83357139247C20C4002E26A0 /* Headers.swift */; };
		83357145247C20C5002E26A0 /* Headers.swift in Sources */ = {isa = PBXBuildFile; fileRef = 83357139247C20C4002E26A0 /* Headers.swift */; };
		83357146247C20C5002E26A0 /* NetWorkManager.swift in Sources */ = {isa = PBXBuildFile; fileRef = 8335713A247C20C5002E26A0 /* NetWorkManager.swift */; };
		83357147247C20C5002E26A0 /* NetWorkManager.swift in Sources */ = {isa = PBXBuildFile; fileRef = 8335713A247C20C5002E26A0 /* NetWorkManager.swift */; };
		83357148247C20C5002E26A0 /* ErrorProvider.swift in Sources */ = {isa = PBXBuildFile; fileRef = 8335713B247C20C5002E26A0 /* ErrorProvider.swift */; };
		83357149247C20C5002E26A0 /* ErrorProvider.swift in Sources */ = {isa = PBXBuildFile; fileRef = 8335713B247C20C5002E26A0 /* ErrorProvider.swift */; };
		8335714E247D58AD002E26A0 /* SignUpViewModel.swift in Sources */ = {isa = PBXBuildFile; fileRef = 8335714D247D58AD002E26A0 /* SignUpViewModel.swift */; };
		83357152247D8278002E26A0 /* ThemeManager.swift in Sources */ = {isa = PBXBuildFile; fileRef = 83357151247D8278002E26A0 /* ThemeManager.swift */; };
		83357154247E1EEB002E26A0 /* Category.swift in Sources */ = {isa = PBXBuildFile; fileRef = 83357153247E1EEB002E26A0 /* Category.swift */; };
		83357156247E1F8E002E26A0 /* Atricle.swift in Sources */ = {isa = PBXBuildFile; fileRef = 83357155247E1F8E002E26A0 /* Atricle.swift */; };
		83357158247E2CFA002E26A0 /* URL+Extension.swift in Sources */ = {isa = PBXBuildFile; fileRef = 83357157247E2CFA002E26A0 /* URL+Extension.swift */; };
		83357159247E2CFA002E26A0 /* URL+Extension.swift in Sources */ = {isa = PBXBuildFile; fileRef = 83357157247E2CFA002E26A0 /* URL+Extension.swift */; };
		8335715B247E4F4E002E26A0 /* CategoryService.swift in Sources */ = {isa = PBXBuildFile; fileRef = 8335715A247E4F4E002E26A0 /* CategoryService.swift */; };
		8335715C247E4F4E002E26A0 /* CategoryService.swift in Sources */ = {isa = PBXBuildFile; fileRef = 8335715A247E4F4E002E26A0 /* CategoryService.swift */; };
		8335715E247E6082002E26A0 /* NewsViewModel.swift in Sources */ = {isa = PBXBuildFile; fileRef = 8335715D247E6082002E26A0 /* NewsViewModel.swift */; };
		8335715F247E6082002E26A0 /* NewsViewModel.swift in Sources */ = {isa = PBXBuildFile; fileRef = 8335715D247E6082002E26A0 /* NewsViewModel.swift */; };
		834FEB9C2474D9E800D66A37 /* LoginViewController.swift in Sources */ = {isa = PBXBuildFile; fileRef = 834FEB9B2474D9E800D66A37 /* LoginViewController.swift */; };
		8394E9ED24779AA9002FA8EF /* Helper.swift in Sources */ = {isa = PBXBuildFile; fileRef = 8394E9EA24779AA8002FA8EF /* Helper.swift */; };
		8394E9EE24779AA9002FA8EF /* TableViewProtocol.swift in Sources */ = {isa = PBXBuildFile; fileRef = 8394E9EB24779AA8002FA8EF /* TableViewProtocol.swift */; };
		8394E9EF24779AA9002FA8EF /* Constants.swift in Sources */ = {isa = PBXBuildFile; fileRef = 8394E9EC24779AA8002FA8EF /* Constants.swift */; };
		8394E9FC2477BF1D002FA8EF /* NewsHeaderView.swift in Sources */ = {isa = PBXBuildFile; fileRef = 8394E9F62477BF1C002FA8EF /* NewsHeaderView.swift */; };
		8394E9FD2477BF1D002FA8EF /* NewsTableViewCell.swift in Sources */ = {isa = PBXBuildFile; fileRef = 8394E9F72477BF1C002FA8EF /* NewsTableViewCell.swift */; };
		8394E9FE2477BF1D002FA8EF /* NewsHeaderView.xib in Resources */ = {isa = PBXBuildFile; fileRef = 8394E9F82477BF1D002FA8EF /* NewsHeaderView.xib */; };
		8394E9FF2477BF1D002FA8EF /* NewsTableViewCell.xib in Resources */ = {isa = PBXBuildFile; fileRef = 8394E9F92477BF1D002FA8EF /* NewsTableViewCell.xib */; };
		8394EA002477BF1D002FA8EF /* NewsDetailsViewController.swift in Sources */ = {isa = PBXBuildFile; fileRef = 8394E9FA2477BF1D002FA8EF /* NewsDetailsViewController.swift */; };
		8394EA012477BF1D002FA8EF /* NewsViewController.swift in Sources */ = {isa = PBXBuildFile; fileRef = 8394E9FB2477BF1D002FA8EF /* NewsViewController.swift */; };
		8394EA052477BFB6002FA8EF /* NewsFeedData.swift in Sources */ = {isa = PBXBuildFile; fileRef = 8394EA032477BFB5002FA8EF /* NewsFeedData.swift */; };
		8394EA4F2477F8A0002FA8EF /* Dictionary+Extension.swift in Sources */ = {isa = PBXBuildFile; fileRef = 8394EA372477F89E002FA8EF /* Dictionary+Extension.swift */; };
		8394EA522477F8A0002FA8EF /* DateFormatter+Extension.swift in Sources */ = {isa = PBXBuildFile; fileRef = 8394EA3A2477F89E002FA8EF /* DateFormatter+Extension.swift */; };
		8394EA532477F8A0002FA8EF /* UINavigationController+Extension.swift in Sources */ = {isa = PBXBuildFile; fileRef = 8394EA3B2477F89E002FA8EF /* UINavigationController+Extension.swift */; };
		8394EA542477F8A0002FA8EF /* NSManagedObjectContext+Extension.swift in Sources */ = {isa = PBXBuildFile; fileRef = 8394EA3C2477F89E002FA8EF /* NSManagedObjectContext+Extension.swift */; };
		8394EA5B2477F8A0002FA8EF /* UIApplication+Extension.swift in Sources */ = {isa = PBXBuildFile; fileRef = 8394EA432477F89F002FA8EF /* UIApplication+Extension.swift */; };
		8394EA5C2477F8A0002FA8EF /* UIApplication+AppVersion.swift in Sources */ = {isa = PBXBuildFile; fileRef = 8394EA442477F89F002FA8EF /* UIApplication+AppVersion.swift */; };
		8394EA5F2477F8A0002FA8EF /* String+Extension.swift in Sources */ = {isa = PBXBuildFile; fileRef = 8394EA472477F89F002FA8EF /* String+Extension.swift */; };
		8394EA612477F8A0002FA8EF /* UIDevice+Extension.swift in Sources */ = {isa = PBXBuildFile; fileRef = 8394EA492477F89F002FA8EF /* UIDevice+Extension.swift */; };
		8394EA632477F8A0002FA8EF /* UIScreen+Extension.swift in Sources */ = {isa = PBXBuildFile; fileRef = 8394EA4B2477F8A0002FA8EF /* UIScreen+Extension.swift */; };
		8394EA642477F8A0002FA8EF /* UIView+Extension.swift in Sources */ = {isa = PBXBuildFile; fileRef = 8394EA4C2477F8A0002FA8EF /* UIView+Extension.swift */; };
		8394EA652477F8A0002FA8EF /* UserDefaults+Extension.swift in Sources */ = {isa = PBXBuildFile; fileRef = 8394EA4D2477F8A0002FA8EF /* UserDefaults+Extension.swift */; };
		8394EA662477F8A0002FA8EF /* CoreDataHelper.swift in Sources */ = {isa = PBXBuildFile; fileRef = 8394EA4E2477F8A0002FA8EF /* CoreDataHelper.swift */; };
		8394EA682478C88D002FA8EF /* GoogleService-Info.plist in Resources */ = {isa = PBXBuildFile; fileRef = 8394EA672478C88C002FA8EF /* GoogleService-Info.plist */; };
		F5D8A3154D18FC7379488972 /* Pods_FlowGuideTests.framework in Frameworks */ = {isa = PBXBuildFile; fileRef = 7CB5C13AA283FE438C71D86C /* Pods_FlowGuideTests.framework */; };
/* End PBXBuildFile section */

/* Begin PBXContainerItemProxy section */
		83006BAC246EE22D00B08094 /* PBXContainerItemProxy */ = {
			isa = PBXContainerItemProxy;
			containerPortal = 83006B8A246EE22B00B08094 /* Project object */;
			proxyType = 1;
			remoteGlobalIDString = 83006B91246EE22B00B08094;
			remoteInfo = FlowGuide;
		};
/* End PBXContainerItemProxy section */

/* Begin PBXFileReference section */
		07B101422FFB8273DF8E10A7 /* Pods-FlowGuide.debug.xcconfig */ = {isa = PBXFileReference; includeInIndex = 1; lastKnownFileType = text.xcconfig; name = "Pods-FlowGuide.debug.xcconfig"; path = "Target Support Files/Pods-FlowGuide/Pods-FlowGuide.debug.xcconfig"; sourceTree = "<group>"; };
		3802C48D57E3E00969F68F45 /* Pods-FlowGuideTests.debug.xcconfig */ = {isa = PBXFileReference; includeInIndex = 1; lastKnownFileType = text.xcconfig; name = "Pods-FlowGuideTests.debug.xcconfig"; path = "Target Support Files/Pods-FlowGuideTests/Pods-FlowGuideTests.debug.xcconfig"; sourceTree = "<group>"; };
		50DF644C2FDC1DB60BD5F58A /* Pods-FlowGuide.release.xcconfig */ = {isa = PBXFileReference; includeInIndex = 1; lastKnownFileType = text.xcconfig; name = "Pods-FlowGuide.release.xcconfig"; path = "Target Support Files/Pods-FlowGuide/Pods-FlowGuide.release.xcconfig"; sourceTree = "<group>"; };
		76797B00750CE7074ABE689C /* Pods_FlowGuide.framework */ = {isa = PBXFileReference; explicitFileType = wrapper.framework; includeInIndex = 0; path = Pods_FlowGuide.framework; sourceTree = BUILT_PRODUCTS_DIR; };
		7CB5C13AA283FE438C71D86C /* Pods_FlowGuideTests.framework */ = {isa = PBXFileReference; explicitFileType = wrapper.framework; includeInIndex = 0; path = Pods_FlowGuideTests.framework; sourceTree = BUILT_PRODUCTS_DIR; };
		83006B92246EE22B00B08094 /* FlowGuide.app */ = {isa = PBXFileReference; explicitFileType = wrapper.application; includeInIndex = 0; path = FlowGuide.app; sourceTree = BUILT_PRODUCTS_DIR; };
		83006B95246EE22B00B08094 /* AppDelegate.swift */ = {isa = PBXFileReference; lastKnownFileType = sourcecode.swift; path = AppDelegate.swift; sourceTree = "<group>"; };
		83006B97246EE22B00B08094 /* SceneDelegate.swift */ = {isa = PBXFileReference; lastKnownFileType = sourcecode.swift; path = SceneDelegate.swift; sourceTree = "<group>"; };
		83006B9C246EE22B00B08094 /* Base */ = {isa = PBXFileReference; lastKnownFileType = file.storyboard; name = Base; path = Base.lproj/Main.storyboard; sourceTree = "<group>"; };
		83006B9F246EE22B00B08094 /* FlowGuide.xcdatamodel */ = {isa = PBXFileReference; lastKnownFileType = wrapper.xcdatamodel; path = FlowGuide.xcdatamodel; sourceTree = "<group>"; };
		83006BA1246EE22D00B08094 /* Assets.xcassets */ = {isa = PBXFileReference; lastKnownFileType = folder.assetcatalog; path = Assets.xcassets; sourceTree = "<group>"; };
		83006BA4246EE22D00B08094 /* Base */ = {isa = PBXFileReference; lastKnownFileType = file.storyboard; name = Base; path = Base.lproj/LaunchScreen.storyboard; sourceTree = "<group>"; };
		83006BA6246EE22D00B08094 /* Info.plist */ = {isa = PBXFileReference; lastKnownFileType = text.plist.xml; path = Info.plist; sourceTree = "<group>"; };
		83006BAB246EE22D00B08094 /* FlowGuideTests.xctest */ = {isa = PBXFileReference; explicitFileType = wrapper.cfbundle; includeInIndex = 0; path = FlowGuideTests.xctest; sourceTree = BUILT_PRODUCTS_DIR; };
		83006BAF246EE22D00B08094 /* FlowGuideTests.swift */ = {isa = PBXFileReference; lastKnownFileType = sourcecode.swift; path = FlowGuideTests.swift; sourceTree = "<group>"; };
		83006BB1246EE22D00B08094 /* Info.plist */ = {isa = PBXFileReference; lastKnownFileType = text.plist.xml; path = Info.plist; sourceTree = "<group>"; };
		83006BBD246EE29200B08094 /* LoadingViewController.swift */ = {isa = PBXFileReference; lastKnownFileType = sourcecode.swift; path = LoadingViewController.swift; sourceTree = "<group>"; };
		831523EC246F796900F48DDA /* PresenterManager.swift */ = {isa = PBXFileReference; lastKnownFileType = sourcecode.swift; path = PresenterManager.swift; sourceTree = "<group>"; };
		831523F4246F802300F48DDA /* SettingsViewController.swift */ = {isa = PBXFileReference; lastKnownFileType = sourcecode.swift; path = SettingsViewController.swift; sourceTree = "<group>"; };
		831523F72471020500F48DDA /* Colors.xcassets */ = {isa = PBXFileReference; lastKnownFileType = folder.assetcatalog; path = Colors.xcassets; sourceTree = "<group>"; };
		831523FA2472151D00F48DDA /* OnBoardingViewController.swift */ = {isa = PBXFileReference; lastKnownFileType = sourcecode.swift; path = OnBoardingViewController.swift; sourceTree = "<group>"; };
		831523FD24722BD500F48DDA /* OnBoardingCollectionViewCell.swift */ = {isa = PBXFileReference; lastKnownFileType = sourcecode.swift; path = OnBoardingCollectionViewCell.swift; sourceTree = "<group>"; };
		833570DA247A65AF002E26A0 /* OnBoardingViewModel.swift */ = {isa = PBXFileReference; lastKnownFileType = sourcecode.swift; path = OnBoardingViewModel.swift; sourceTree = "<group>"; };
		833570DE247A660D002E26A0 /* BaseViewModel.swift */ = {isa = PBXFileReference; lastKnownFileType = sourcecode.swift; path = BaseViewModel.swift; sourceTree = "<group>"; };
		833570E1247A8579002E26A0 /* Connectivity.swift */ = {isa = PBXFileReference; lastKnownFileType = sourcecode.swift; path = Connectivity.swift; sourceTree = "<group>"; };
		833570E4247A8A33002E26A0 /* BaseViewController.swift */ = {isa = PBXFileReference; lastKnownFileType = sourcecode.swift; path = BaseViewController.swift; sourceTree = "<group>"; };
		833570E7247AA0C1002E26A0 /* UIColor+Extension.swift */ = {isa = PBXFileReference; lastKnownFileType = sourcecode.swift; path = "UIColor+Extension.swift"; sourceTree = "<group>"; };
		833570EA247AA2C1002E26A0 /* Styles.swift */ = {isa = PBXFileReference; lastKnownFileType = sourcecode.swift; path = Styles.swift; sourceTree = "<group>"; };
		833570EE247ACBFA002E26A0 /* OnBoardingViewController+CollectionView.swift */ = {isa = PBXFileReference; lastKnownFileType = sourcecode.swift; path = "OnBoardingViewController+CollectionView.swift"; sourceTree = "<group>"; };
		833570F1247AD948002E26A0 /* OnBoardingLocalization.swift */ = {isa = PBXFileReference; lastKnownFileType = sourcecode.swift; path = OnBoardingLocalization.swift; sourceTree = "<group>"; };
		833570F4247AD9A2002E26A0 /* Localizable.swift */ = {isa = PBXFileReference; lastKnownFileType = sourcecode.swift; path = Localizable.swift; sourceTree = "<group>"; };
		833570F7247ADA01002E26A0 /* LoginViewModel.swift */ = {isa = PBXFileReference; lastKnownFileType = sourcecode.swift; path = LoginViewModel.swift; sourceTree = "<group>"; };
		833570FA247ADB67002E26A0 /* LoginLocalization.swift */ = {isa = PBXFileReference; lastKnownFileType = sourcecode.swift; path = LoginLocalization.swift; sourceTree = "<group>"; };
		833570FD247ADEFD002E26A0 /* LoadingViewModel.swift */ = {isa = PBXFileReference; lastKnownFileType = sourcecode.swift; path = LoadingViewModel.swift; sourceTree = "<group>"; };
		83357101247B741D002E26A0 /* NewsViewController+TableView.swift */ = {isa = PBXFileReference; lastKnownFileType = sourcecode.swift; path = "NewsViewController+TableView.swift"; sourceTree = "<group>"; };
		83357104247B7473002E26A0 /* NewsLocalizaion.swift */ = {isa = PBXFileReference; lastKnownFileType = sourcecode.swift; path = NewsLocalizaion.swift; sourceTree = "<group>"; };
		83357107247BA054002E26A0 /* sv */ = {isa = PBXFileReference; lastKnownFileType = text.plist.strings; name = sv; path = sv.lproj/Main.strings; sourceTree = "<group>"; };
		8335710D247BA086002E26A0 /* sv */ = {isa = PBXFileReference; lastKnownFileType = text.plist.strings; name = sv; path = sv.lproj/Localizable.strings; sourceTree = "<group>"; };
		8335710F247BA091002E26A0 /* en */ = {isa = PBXFileReference; lastKnownFileType = text.plist.strings; name = en; path = en.lproj/Localizable.strings; sourceTree = "<group>"; };
		83357110247BB13F002E26A0 /* LoadingLocalization.swift */ = {isa = PBXFileReference; lastKnownFileType = sourcecode.swift; path = LoadingLocalization.swift; sourceTree = "<group>"; };
		83357117247BDEA8002E26A0 /* OnBoardingItem.swift */ = {isa = PBXFileReference; fileEncoding = 4; lastKnownFileType = sourcecode.swift; path = OnBoardingItem.swift; sourceTree = "<group>"; };
		83357132247BEE48002E26A0 /* ServiceResponse.swift */ = {isa = PBXFileReference; lastKnownFileType = sourcecode.swift; path = ServiceResponse.swift; sourceTree = "<group>"; };
		83357135247C20C4002E26A0 /* Service.swift */ = {isa = PBXFileReference; fileEncoding = 4; lastKnownFileType = sourcecode.swift; path = Service.swift; sourceTree = "<group>"; };
		83357136247C20C4002E26A0 /* APIRequestModel.swift */ = {isa = PBXFileReference; fileEncoding = 4; lastKnownFileType = sourcecode.swift; path = APIRequestModel.swift; sourceTree = "<group>"; };
		83357137247C20C4002E26A0 /* ErrorHandler.swift */ = {isa = PBXFileReference; fileEncoding = 4; lastKnownFileType = sourcecode.swift; name = ErrorHandler.swift; path = ../ErrorManager/ErrorHandler.swift; sourceTree = "<group>"; };
		83357138247C20C4002E26A0 /* CommonErrorUtility.swift */ = {isa = PBXFileReference; fileEncoding = 4; lastKnownFileType = sourcecode.swift; name = CommonErrorUtility.swift; path = ../ErrorManager/CommonErrorUtility.swift; sourceTree = "<group>"; };
		83357139247C20C4002E26A0 /* Headers.swift */ = {isa = PBXFileReference; fileEncoding = 4; lastKnownFileType = sourcecode.swift; path = Headers.swift; sourceTree = "<group>"; };
		8335713A247C20C5002E26A0 /* NetWorkManager.swift */ = {isa = PBXFileReference; fileEncoding = 4; lastKnownFileType = sourcecode.swift; path = NetWorkManager.swift; sourceTree = "<group>"; };
		8335713B247C20C5002E26A0 /* ErrorProvider.swift */ = {isa = PBXFileReference; fileEncoding = 4; lastKnownFileType = sourcecode.swift; name = ErrorProvider.swift; path = ../ErrorManager/ErrorProvider.swift; sourceTree = "<group>"; };
		8335714D247D58AD002E26A0 /* SignUpViewModel.swift */ = {isa = PBXFileReference; lastKnownFileType = sourcecode.swift; path = SignUpViewModel.swift; sourceTree = "<group>"; };
		83357151247D8278002E26A0 /* ThemeManager.swift */ = {isa = PBXFileReference; lastKnownFileType = sourcecode.swift; path = ThemeManager.swift; sourceTree = "<group>"; };
		83357153247E1EEB002E26A0 /* Category.swift */ = {isa = PBXFileReference; lastKnownFileType = sourcecode.swift; path = Category.swift; sourceTree = "<group>"; };
		83357155247E1F8E002E26A0 /* Atricle.swift */ = {isa = PBXFileReference; lastKnownFileType = sourcecode.swift; path = Atricle.swift; sourceTree = "<group>"; };
		83357157247E2CFA002E26A0 /* URL+Extension.swift */ = {isa = PBXFileReference; lastKnownFileType = sourcecode.swift; path = "URL+Extension.swift"; sourceTree = "<group>"; };
		8335715A247E4F4E002E26A0 /* CategoryService.swift */ = {isa = PBXFileReference; lastKnownFileType = sourcecode.swift; path = CategoryService.swift; sourceTree = "<group>"; };
		8335715D247E6082002E26A0 /* NewsViewModel.swift */ = {isa = PBXFileReference; lastKnownFileType = sourcecode.swift; path = NewsViewModel.swift; sourceTree = "<group>"; };
		834FEB9B2474D9E800D66A37 /* LoginViewController.swift */ = {isa = PBXFileReference; lastKnownFileType = sourcecode.swift; path = LoginViewController.swift; sourceTree = "<group>"; };
		8394E9EA24779AA8002FA8EF /* Helper.swift */ = {isa = PBXFileReference; fileEncoding = 4; lastKnownFileType = sourcecode.swift; path = Helper.swift; sourceTree = "<group>"; };
		8394E9EB24779AA8002FA8EF /* TableViewProtocol.swift */ = {isa = PBXFileReference; fileEncoding = 4; lastKnownFileType = sourcecode.swift; path = TableViewProtocol.swift; sourceTree = "<group>"; };
		8394E9EC24779AA8002FA8EF /* Constants.swift */ = {isa = PBXFileReference; fileEncoding = 4; lastKnownFileType = sourcecode.swift; path = Constants.swift; sourceTree = "<group>"; };
		8394E9F62477BF1C002FA8EF /* NewsHeaderView.swift */ = {isa = PBXFileReference; fileEncoding = 4; lastKnownFileType = sourcecode.swift; path = NewsHeaderView.swift; sourceTree = "<group>"; };
		8394E9F72477BF1C002FA8EF /* NewsTableViewCell.swift */ = {isa = PBXFileReference; fileEncoding = 4; lastKnownFileType = sourcecode.swift; path = NewsTableViewCell.swift; sourceTree = "<group>"; };
		8394E9F82477BF1D002FA8EF /* NewsHeaderView.xib */ = {isa = PBXFileReference; fileEncoding = 4; lastKnownFileType = file.xib; path = NewsHeaderView.xib; sourceTree = "<group>"; };
		8394E9F92477BF1D002FA8EF /* NewsTableViewCell.xib */ = {isa = PBXFileReference; fileEncoding = 4; lastKnownFileType = file.xib; path = NewsTableViewCell.xib; sourceTree = "<group>"; };
		8394E9FA2477BF1D002FA8EF /* NewsDetailsViewController.swift */ = {isa = PBXFileReference; fileEncoding = 4; lastKnownFileType = sourcecode.swift; path = NewsDetailsViewController.swift; sourceTree = "<group>"; };
		8394E9FB2477BF1D002FA8EF /* NewsViewController.swift */ = {isa = PBXFileReference; fileEncoding = 4; lastKnownFileType = sourcecode.swift; path = NewsViewController.swift; sourceTree = "<group>"; };
		8394EA032477BFB5002FA8EF /* NewsFeedData.swift */ = {isa = PBXFileReference; fileEncoding = 4; lastKnownFileType = sourcecode.swift; path = NewsFeedData.swift; sourceTree = "<group>"; };
		8394EA372477F89E002FA8EF /* Dictionary+Extension.swift */ = {isa = PBXFileReference; fileEncoding = 4; lastKnownFileType = sourcecode.swift; path = "Dictionary+Extension.swift"; sourceTree = "<group>"; };
		8394EA3A2477F89E002FA8EF /* DateFormatter+Extension.swift */ = {isa = PBXFileReference; fileEncoding = 4; lastKnownFileType = sourcecode.swift; path = "DateFormatter+Extension.swift"; sourceTree = "<group>"; };
		8394EA3B2477F89E002FA8EF /* UINavigationController+Extension.swift */ = {isa = PBXFileReference; fileEncoding = 4; lastKnownFileType = sourcecode.swift; path = "UINavigationController+Extension.swift"; sourceTree = "<group>"; };
		8394EA3C2477F89E002FA8EF /* NSManagedObjectContext+Extension.swift */ = {isa = PBXFileReference; fileEncoding = 4; lastKnownFileType = sourcecode.swift; path = "NSManagedObjectContext+Extension.swift"; sourceTree = "<group>"; };
		8394EA432477F89F002FA8EF /* UIApplication+Extension.swift */ = {isa = PBXFileReference; fileEncoding = 4; lastKnownFileType = sourcecode.swift; path = "UIApplication+Extension.swift"; sourceTree = "<group>"; };
		8394EA442477F89F002FA8EF /* UIApplication+AppVersion.swift */ = {isa = PBXFileReference; fileEncoding = 4; lastKnownFileType = sourcecode.swift; path = "UIApplication+AppVersion.swift"; sourceTree = "<group>"; };
		8394EA472477F89F002FA8EF /* String+Extension.swift */ = {isa = PBXFileReference; fileEncoding = 4; lastKnownFileType = sourcecode.swift; path = "String+Extension.swift"; sourceTree = "<group>"; };
		8394EA492477F89F002FA8EF /* UIDevice+Extension.swift */ = {isa = PBXFileReference; fileEncoding = 4; lastKnownFileType = sourcecode.swift; path = "UIDevice+Extension.swift"; sourceTree = "<group>"; };
		8394EA4B2477F8A0002FA8EF /* UIScreen+Extension.swift */ = {isa = PBXFileReference; fileEncoding = 4; lastKnownFileType = sourcecode.swift; path = "UIScreen+Extension.swift"; sourceTree = "<group>"; };
		8394EA4C2477F8A0002FA8EF /* UIView+Extension.swift */ = {isa = PBXFileReference; fileEncoding = 4; lastKnownFileType = sourcecode.swift; path = "UIView+Extension.swift"; sourceTree = "<group>"; };
		8394EA4D2477F8A0002FA8EF /* UserDefaults+Extension.swift */ = {isa = PBXFileReference; fileEncoding = 4; lastKnownFileType = sourcecode.swift; path = "UserDefaults+Extension.swift"; sourceTree = "<group>"; };
		8394EA4E2477F8A0002FA8EF /* CoreDataHelper.swift */ = {isa = PBXFileReference; fileEncoding = 4; lastKnownFileType = sourcecode.swift; path = CoreDataHelper.swift; sourceTree = "<group>"; };
		8394EA672478C88C002FA8EF /* GoogleService-Info.plist */ = {isa = PBXFileReference; fileEncoding = 4; lastKnownFileType = text.plist.xml; path = "GoogleService-Info.plist"; sourceTree = "<group>"; };
		B15D3A0F8827ED010F4F9A6C /* Pods-FlowGuideTests.release.xcconfig */ = {isa = PBXFileReference; includeInIndex = 1; lastKnownFileType = text.xcconfig; name = "Pods-FlowGuideTests.release.xcconfig"; path = "Target Support Files/Pods-FlowGuideTests/Pods-FlowGuideTests.release.xcconfig"; sourceTree = "<group>"; };
/* End PBXFileReference section */

/* Begin PBXFrameworksBuildPhase section */
		83006B8F246EE22B00B08094 /* Frameworks */ = {
			isa = PBXFrameworksBuildPhase;
			buildActionMask = 2147483647;
			files = (
				4EAB83F97C084839CF1016B3 /* Pods_FlowGuide.framework in Frameworks */,
			);
			runOnlyForDeploymentPostprocessing = 0;
		};
		83006BA8246EE22D00B08094 /* Frameworks */ = {
			isa = PBXFrameworksBuildPhase;
			buildActionMask = 2147483647;
			files = (
				F5D8A3154D18FC7379488972 /* Pods_FlowGuideTests.framework in Frameworks */,
			);
			runOnlyForDeploymentPostprocessing = 0;
		};
/* End PBXFrameworksBuildPhase section */

/* Begin PBXGroup section */
		7032875B5185FF55DEF801D3 /* Frameworks */ = {
			isa = PBXGroup;
			children = (
				76797B00750CE7074ABE689C /* Pods_FlowGuide.framework */,
				7CB5C13AA283FE438C71D86C /* Pods_FlowGuideTests.framework */,
			);
			name = Frameworks;
			sourceTree = "<group>";
		};
		78AA0D0580B9A11B997EE542 /* Pods */ = {
			isa = PBXGroup;
			children = (
				07B101422FFB8273DF8E10A7 /* Pods-FlowGuide.debug.xcconfig */,
				50DF644C2FDC1DB60BD5F58A /* Pods-FlowGuide.release.xcconfig */,
				3802C48D57E3E00969F68F45 /* Pods-FlowGuideTests.debug.xcconfig */,
				B15D3A0F8827ED010F4F9A6C /* Pods-FlowGuideTests.release.xcconfig */,
			);
			path = Pods;
			sourceTree = "<group>";
		};
		83006B89246EE22B00B08094 = {
			isa = PBXGroup;
			children = (
				83006B94246EE22B00B08094 /* FlowGuide */,
				83006BAE246EE22D00B08094 /* FlowGuideTests */,
				83006B93246EE22B00B08094 /* Products */,
				78AA0D0580B9A11B997EE542 /* Pods */,
				7032875B5185FF55DEF801D3 /* Frameworks */,
			);
			sourceTree = "<group>";
		};
		83006B93246EE22B00B08094 /* Products */ = {
			isa = PBXGroup;
			children = (
				83006B92246EE22B00B08094 /* FlowGuide.app */,
				83006BAB246EE22D00B08094 /* FlowGuideTests.xctest */,
			);
			name = Products;
			sourceTree = "<group>";
		};
		83006B94246EE22B00B08094 /* FlowGuide */ = {
			isa = PBXGroup;
			children = (
				83006BBA246EE25200B08094 /* Source */,
				831523F6247101E000F48DDA /* Resources */,
				83357113247BD9CA002E26A0 /* Supporting Files */,
				83006BA6246EE22D00B08094 /* Info.plist */,
			);
			path = FlowGuide;
			sourceTree = "<group>";
		};
		83006BAE246EE22D00B08094 /* FlowGuideTests */ = {
			isa = PBXGroup;
			children = (
				83006BAF246EE22D00B08094 /* FlowGuideTests.swift */,
				83006BB1246EE22D00B08094 /* Info.plist */,
			);
			path = FlowGuideTests;
			sourceTree = "<group>";
		};
		83006BBA246EE25200B08094 /* Source */ = {
			isa = PBXGroup;
			children = (
				8394EA362477F2B2002FA8EF /* Modules */,
				8394EA322477F23A002FA8EF /* AppConfiguration  */,
				833570DD247A65FA002E26A0 /* BaseClasses */,
				8394EA332477F247002FA8EF /* Extensions */,
				831523EE246F7A8600F48DDA /* Utilities */,
				831523EB246F794400F48DDA /* Manager */,
			);
			path = Source;
			sourceTree = "<group>";
		};
		83006BBB246EE26500B08094 /* Login */ = {
			isa = PBXGroup;
			children = (
				8394EA2E2477F215002FA8EF /* View */,
				8394EA2F2477F219002FA8EF /* ViewModel */,
				8394EA312477F226002FA8EF /* Models */,
				8394EA302477F21F002FA8EF /* Utilities */,
			);
			path = Login;
			sourceTree = "<group>";
		};
		83006BBC246EE26F00B08094 /* Loading */ = {
			isa = PBXGroup;
			children = (
				8394EA2A2477F1E0002FA8EF /* View */,
				8394EA2B2477F1FA002FA8EF /* ViewModel */,
				8394EA2D2477F20A002FA8EF /* Utilities */,
				8394EA2C2477F203002FA8EF /* Models */,
			);
			path = Loading;
			sourceTree = "<group>";
		};
		831523EB246F794400F48DDA /* Manager */ = {
			isa = PBXGroup;
			children = (
				83357150247D8244002E26A0 /* ThemeManager */,
				8335711B247BEB3B002E26A0 /* WebServiceManager */,
				8335714A247C29EF002E26A0 /* PresenterManager */,
			);
			path = Manager;
			sourceTree = "<group>";
		};
		831523EE246F7A8600F48DDA /* Utilities */ = {
			isa = PBXGroup;
			children = (
				8394E9EC24779AA8002FA8EF /* Constants.swift */,
				8394E9EA24779AA8002FA8EF /* Helper.swift */,
				8394E9EB24779AA8002FA8EF /* TableViewProtocol.swift */,
				833570E1247A8579002E26A0 /* Connectivity.swift */,
				833570F4247AD9A2002E26A0 /* Localizable.swift */,
			);
			path = Utilities;
			sourceTree = "<group>";
		};
		831523F3246F800C00F48DDA /* Setttings */ = {
			isa = PBXGroup;
			children = (
				8394EA262477F1BE002FA8EF /* View */,
				8394EA272477F1C5002FA8EF /* ViewModel */,
				8394EA292477F1D2002FA8EF /* Utilities */,
				8394EA282477F1CC002FA8EF /* Models */,
			);
			path = Setttings;
			sourceTree = "<group>";
		};
		831523F6247101E000F48DDA /* Resources */ = {
			isa = PBXGroup;
			children = (
				83006BA1246EE22D00B08094 /* Assets.xcassets */,
				831523F72471020500F48DDA /* Colors.xcassets */,
				83006B9B246EE22B00B08094 /* Main.storyboard */,
				83006BA3246EE22D00B08094 /* LaunchScreen.storyboard */,
				83006B9E246EE22B00B08094 /* FlowGuide.xcdatamodeld */,
			);
			path = Resources;
			sourceTree = "<group>";
		};
		831523F9247214FB00F48DDA /* OnBoarding */ = {
			isa = PBXGroup;
			children = (
				831523FC24722BB500F48DDA /* Views */,
				8394EA242477F1A6002FA8EF /* ViewModel */,
				831523FF24722F6E00F48DDA /* Models */,
				833570ED247ACBA8002E26A0 /* Extensions */,
				8394EA252477F1B5002FA8EF /* Utilities */,
			);
			path = OnBoarding;
			sourceTree = "<group>";
		};
		831523FC24722BB500F48DDA /* Views */ = {
			isa = PBXGroup;
			children = (
				831523FA2472151D00F48DDA /* OnBoardingViewController.swift */,
				831523FD24722BD500F48DDA /* OnBoardingCollectionViewCell.swift */,
			);
			path = Views;
			sourceTree = "<group>";
		};
		831523FF24722F6E00F48DDA /* Models */ = {
			isa = PBXGroup;
			children = (
				83357117247BDEA8002E26A0 /* OnBoardingItem.swift */,
			);
			path = Models;
			sourceTree = "<group>";
		};
		833570DD247A65FA002E26A0 /* BaseClasses */ = {
			isa = PBXGroup;
			children = (
				833570E4247A8A33002E26A0 /* BaseViewController.swift */,
				833570DE247A660D002E26A0 /* BaseViewModel.swift */,
			);
			path = BaseClasses;
			sourceTree = "<group>";
		};
		833570ED247ACBA8002E26A0 /* Extensions */ = {
			isa = PBXGroup;
			children = (
				833570EE247ACBFA002E26A0 /* OnBoardingViewController+CollectionView.swift */,
			);
			path = Extensions;
			sourceTree = "<group>";
		};
		83357100247B73FE002E26A0 /* Extensions */ = {
			isa = PBXGroup;
			children = (
				83357101247B741D002E26A0 /* NewsViewController+TableView.swift */,
			);
			path = Extensions;
			sourceTree = "<group>";
		};
		83357113247BD9CA002E26A0 /* Supporting Files */ = {
			isa = PBXGroup;
			children = (
				8394EA672478C88C002FA8EF /* GoogleService-Info.plist */,
				8335710E247BA086002E26A0 /* Localizable.strings */,
			);
			path = "Supporting Files";
			sourceTree = "<group>";
		};
		8335711B247BEB3B002E26A0 /* WebServiceManager */ = {
			isa = PBXGroup;
			children = (
				83357138247C20C4002E26A0 /* CommonErrorUtility.swift */,
				83357137247C20C4002E26A0 /* ErrorHandler.swift */,
				8335713B247C20C5002E26A0 /* ErrorProvider.swift */,
				83357136247C20C4002E26A0 /* APIRequestModel.swift */,
				83357139247C20C4002E26A0 /* Headers.swift */,
				8335713A247C20C5002E26A0 /* NetWorkManager.swift */,
				83357135247C20C4002E26A0 /* Service.swift */,
				83357131247BEE29002E26A0 /* BO */,
				8335715A247E4F4E002E26A0 /* CategoryService.swift */,
			);
			path = WebServiceManager;
			sourceTree = "<group>";
		};
		83357131247BEE29002E26A0 /* BO */ = {
			isa = PBXGroup;
			children = (
				83357132247BEE48002E26A0 /* ServiceResponse.swift */,
			);
			path = BO;
			sourceTree = "<group>";
		};
		8335714A247C29EF002E26A0 /* PresenterManager */ = {
			isa = PBXGroup;
			children = (
				831523EC246F796900F48DDA /* PresenterManager.swift */,
			);
			path = PresenterManager;
			sourceTree = "<group>";
		};
		83357150247D8244002E26A0 /* ThemeManager */ = {
			isa = PBXGroup;
			children = (
				833570EA247AA2C1002E26A0 /* Styles.swift */,
				83357151247D8278002E26A0 /* ThemeManager.swift */,
			);
			path = ThemeManager;
			sourceTree = "<group>";
		};
		8394E9F52477BF0C002FA8EF /* News */ = {
			isa = PBXGroup;
			children = (
				8394EA202477F0E7002FA8EF /* View */,
				8394EA1F2477F0DC002FA8EF /* ViewModel */,
				8394EA022477BF84002FA8EF /* Models */,
				8394EA1E2477F0D3002FA8EF /* Utilities */,
				83357100247B73FE002E26A0 /* Extensions */,
			);
			path = News;
			sourceTree = "<group>";
		};
		8394EA022477BF84002FA8EF /* Models */ = {
			isa = PBXGroup;
			children = (
				8394EA032477BFB5002FA8EF /* NewsFeedData.swift */,
				83357153247E1EEB002E26A0 /* Category.swift */,
				83357155247E1F8E002E26A0 /* Atricle.swift */,
			);
			path = Models;
			sourceTree = "<group>";
		};
		8394EA1E2477F0D3002FA8EF /* Utilities */ = {
			isa = PBXGroup;
			children = (
				83357104247B7473002E26A0 /* NewsLocalizaion.swift */,
			);
			path = Utilities;
			sourceTree = "<group>";
		};
		8394EA1F2477F0DC002FA8EF /* ViewModel */ = {
			isa = PBXGroup;
			children = (
				8335715D247E6082002E26A0 /* NewsViewModel.swift */,
			);
			path = ViewModel;
			sourceTree = "<group>";
		};
		8394EA202477F0E7002FA8EF /* View */ = {
			isa = PBXGroup;
			children = (
				8394EA222477F147002FA8EF /* List */,
				8394EA232477F14D002FA8EF /* Details */,
				8394EA212477F0F9002FA8EF /* CustomCell */,
			);
			path = View;
			sourceTree = "<group>";
		};
		8394EA212477F0F9002FA8EF /* CustomCell */ = {
			isa = PBXGroup;
			children = (
				8394E9F62477BF1C002FA8EF /* NewsHeaderView.swift */,
				8394E9F82477BF1D002FA8EF /* NewsHeaderView.xib */,
				8394E9F72477BF1C002FA8EF /* NewsTableViewCell.swift */,
				8394E9F92477BF1D002FA8EF /* NewsTableViewCell.xib */,
			);
			path = CustomCell;
			sourceTree = "<group>";
		};
		8394EA222477F147002FA8EF /* List */ = {
			isa = PBXGroup;
			children = (
				8394E9FB2477BF1D002FA8EF /* NewsViewController.swift */,
			);
			path = List;
			sourceTree = "<group>";
		};
		8394EA232477F14D002FA8EF /* Details */ = {
			isa = PBXGroup;
			children = (
				8394E9FA2477BF1D002FA8EF /* NewsDetailsViewController.swift */,
			);
			path = Details;
			sourceTree = "<group>";
		};
		8394EA242477F1A6002FA8EF /* ViewModel */ = {
			isa = PBXGroup;
			children = (
				833570DA247A65AF002E26A0 /* OnBoardingViewModel.swift */,
			);
			path = ViewModel;
			sourceTree = "<group>";
		};
		8394EA252477F1B5002FA8EF /* Utilities */ = {
			isa = PBXGroup;
			children = (
				833570F1247AD948002E26A0 /* OnBoardingLocalization.swift */,
			);
			path = Utilities;
			sourceTree = "<group>";
		};
		8394EA262477F1BE002FA8EF /* View */ = {
			isa = PBXGroup;
			children = (
				831523F4246F802300F48DDA /* SettingsViewController.swift */,
			);
			path = View;
			sourceTree = "<group>";
		};
		8394EA272477F1C5002FA8EF /* ViewModel */ = {
			isa = PBXGroup;
			children = (
			);
			path = ViewModel;
			sourceTree = "<group>";
		};
		8394EA282477F1CC002FA8EF /* Models */ = {
			isa = PBXGroup;
			children = (
			);
			path = Models;
			sourceTree = "<group>";
		};
		8394EA292477F1D2002FA8EF /* Utilities */ = {
			isa = PBXGroup;
			children = (
			);
			path = Utilities;
			sourceTree = "<group>";
		};
		8394EA2A2477F1E0002FA8EF /* View */ = {
			isa = PBXGroup;
			children = (
				83006BBD246EE29200B08094 /* LoadingViewController.swift */,
			);
			path = View;
			sourceTree = "<group>";
		};
		8394EA2B2477F1FA002FA8EF /* ViewModel */ = {
			isa = PBXGroup;
			children = (
				833570FD247ADEFD002E26A0 /* LoadingViewModel.swift */,
			);
			path = ViewModel;
			sourceTree = "<group>";
		};
		8394EA2C2477F203002FA8EF /* Models */ = {
			isa = PBXGroup;
			children = (
			);
			path = Models;
			sourceTree = "<group>";
		};
		8394EA2D2477F20A002FA8EF /* Utilities */ = {
			isa = PBXGroup;
			children = (
				83357110247BB13F002E26A0 /* LoadingLocalization.swift */,
			);
			path = Utilities;
			sourceTree = "<group>";
		};
		8394EA2E2477F215002FA8EF /* View */ = {
			isa = PBXGroup;
			children = (
				834FEB9B2474D9E800D66A37 /* LoginViewController.swift */,
			);
			path = View;
			sourceTree = "<group>";
		};
		8394EA2F2477F219002FA8EF /* ViewModel */ = {
			isa = PBXGroup;
			children = (
				833570F7247ADA01002E26A0 /* LoginViewModel.swift */,
				8335714D247D58AD002E26A0 /* SignUpViewModel.swift */,
			);
			path = ViewModel;
			sourceTree = "<group>";
		};
		8394EA302477F21F002FA8EF /* Utilities */ = {
			isa = PBXGroup;
			children = (
				833570FA247ADB67002E26A0 /* LoginLocalization.swift */,
			);
			path = Utilities;
			sourceTree = "<group>";
		};
		8394EA312477F226002FA8EF /* Models */ = {
			isa = PBXGroup;
			children = (
			);
			path = Models;
			sourceTree = "<group>";
		};
		8394EA322477F23A002FA8EF /* AppConfiguration  */ = {
			isa = PBXGroup;
			children = (
				83006B95246EE22B00B08094 /* AppDelegate.swift */,
				83006B97246EE22B00B08094 /* SceneDelegate.swift */,
			);
			path = "AppConfiguration ";
			sourceTree = "<group>";
		};
		8394EA332477F247002FA8EF /* Extensions */ = {
			isa = PBXGroup;
			children = (
				8394EA4E2477F8A0002FA8EF /* CoreDataHelper.swift */,
				8394EA3A2477F89E002FA8EF /* DateFormatter+Extension.swift */,
				8394EA372477F89E002FA8EF /* Dictionary+Extension.swift */,
				8394EA3C2477F89E002FA8EF /* NSManagedObjectContext+Extension.swift */,
				8394EA472477F89F002FA8EF /* String+Extension.swift */,
				8394EA442477F89F002FA8EF /* UIApplication+AppVersion.swift */,
				8394EA432477F89F002FA8EF /* UIApplication+Extension.swift */,
				8394EA492477F89F002FA8EF /* UIDevice+Extension.swift */,
				8394EA3B2477F89E002FA8EF /* UINavigationController+Extension.swift */,
				8394EA4B2477F8A0002FA8EF /* UIScreen+Extension.swift */,
				8394EA4C2477F8A0002FA8EF /* UIView+Extension.swift */,
				8394EA4D2477F8A0002FA8EF /* UserDefaults+Extension.swift */,
				833570E7247AA0C1002E26A0 /* UIColor+Extension.swift */,
				83357157247E2CFA002E26A0 /* URL+Extension.swift */,
			);
			path = Extensions;
			sourceTree = "<group>";
		};
		8394EA362477F2B2002FA8EF /* Modules */ = {
			isa = PBXGroup;
			children = (
				83006BBB246EE26500B08094 /* Login */,
				831523F9247214FB00F48DDA /* OnBoarding */,
				8394E9F52477BF0C002FA8EF /* News */,
				83006BBC246EE26F00B08094 /* Loading */,
				831523F3246F800C00F48DDA /* Setttings */,
			);
			path = Modules;
			sourceTree = "<group>";
		};
/* End PBXGroup section */

/* Begin PBXNativeTarget section */
		83006B91246EE22B00B08094 /* FlowGuide */ = {
			isa = PBXNativeTarget;
			buildConfigurationList = 83006BB4246EE22D00B08094 /* Build configuration list for PBXNativeTarget "FlowGuide" */;
			buildPhases = (
				7F35972203ADD69CB4217263 /* [CP] Check Pods Manifest.lock */,
				83006B8E246EE22B00B08094 /* Sources */,
				83006B8F246EE22B00B08094 /* Frameworks */,
				83006B90246EE22B00B08094 /* Resources */,
				91DCB9769914627562FAF78E /* [CP] Embed Pods Frameworks */,
			);
			buildRules = (
			);
			dependencies = (
			);
			name = FlowGuide;
			productName = FlowGuide;
			productReference = 83006B92246EE22B00B08094 /* FlowGuide.app */;
			productType = "com.apple.product-type.application";
		};
		83006BAA246EE22D00B08094 /* FlowGuideTests */ = {
			isa = PBXNativeTarget;
			buildConfigurationList = 83006BB7246EE22D00B08094 /* Build configuration list for PBXNativeTarget "FlowGuideTests" */;
			buildPhases = (
				7B82ED3D8642AAEA8C9BC170 /* [CP] Check Pods Manifest.lock */,
				83006BA7246EE22D00B08094 /* Sources */,
				83006BA8246EE22D00B08094 /* Frameworks */,
				83006BA9246EE22D00B08094 /* Resources */,
			);
			buildRules = (
			);
			dependencies = (
				83006BAD246EE22D00B08094 /* PBXTargetDependency */,
			);
			name = FlowGuideTests;
			productName = FlowGuideTests;
			productReference = 83006BAB246EE22D00B08094 /* FlowGuideTests.xctest */;
			productType = "com.apple.product-type.bundle.unit-test";
		};
/* End PBXNativeTarget section */

/* Begin PBXProject section */
		83006B8A246EE22B00B08094 /* Project object */ = {
			isa = PBXProject;
			attributes = {
				LastSwiftUpdateCheck = 1130;
				LastUpgradeCheck = 1130;
				ORGANIZATIONNAME = "Talish George";
				TargetAttributes = {
					83006B91246EE22B00B08094 = {
						CreatedOnToolsVersion = 11.3;
					};
					83006BAA246EE22D00B08094 = {
						CreatedOnToolsVersion = 11.3;
						TestTargetID = 83006B91246EE22B00B08094;
					};
				};
			};
			buildConfigurationList = 83006B8D246EE22B00B08094 /* Build configuration list for PBXProject "FlowGuide" */;
			compatibilityVersion = "Xcode 9.3";
			developmentRegion = en;
			hasScannedForEncodings = 0;
			knownRegions = (
				en,
				Base,
				sv,
			);
			mainGroup = 83006B89246EE22B00B08094;
			productRefGroup = 83006B93246EE22B00B08094 /* Products */;
			projectDirPath = "";
			projectRoot = "";
			targets = (
				83006B91246EE22B00B08094 /* FlowGuide */,
				83006BAA246EE22D00B08094 /* FlowGuideTests */,
			);
		};
/* End PBXProject section */

/* Begin PBXResourcesBuildPhase section */
		83006B90246EE22B00B08094 /* Resources */ = {
			isa = PBXResourcesBuildPhase;
			buildActionMask = 2147483647;
			files = (
				83006BA5246EE22D00B08094 /* LaunchScreen.storyboard in Resources */,
				831523F82471020500F48DDA /* Colors.xcassets in Resources */,
				83006BA2246EE22D00B08094 /* Assets.xcassets in Resources */,
				8394E9FE2477BF1D002FA8EF /* NewsHeaderView.xib in Resources */,
				8394E9FF2477BF1D002FA8EF /* NewsTableViewCell.xib in Resources */,
				8335710B247BA086002E26A0 /* Localizable.strings in Resources */,
				83006B9D246EE22B00B08094 /* Main.storyboard in Resources */,
				8394EA682478C88D002FA8EF /* GoogleService-Info.plist in Resources */,
			);
			runOnlyForDeploymentPostprocessing = 0;
		};
		83006BA9246EE22D00B08094 /* Resources */ = {
			isa = PBXResourcesBuildPhase;
			buildActionMask = 2147483647;
			files = (
				8335710C247BA086002E26A0 /* Localizable.strings in Resources */,
			);
			runOnlyForDeploymentPostprocessing = 0;
		};
/* End PBXResourcesBuildPhase section */

/* Begin PBXShellScriptBuildPhase section */
		7B82ED3D8642AAEA8C9BC170 /* [CP] Check Pods Manifest.lock */ = {
			isa = PBXShellScriptBuildPhase;
			buildActionMask = 2147483647;
			files = (
			);
			inputFileListPaths = (
			);
			inputPaths = (
				"${PODS_PODFILE_DIR_PATH}/Podfile.lock",
				"${PODS_ROOT}/Manifest.lock",
			);
			name = "[CP] Check Pods Manifest.lock";
			outputFileListPaths = (
			);
			outputPaths = (
				"$(DERIVED_FILE_DIR)/Pods-FlowGuideTests-checkManifestLockResult.txt",
			);
			runOnlyForDeploymentPostprocessing = 0;
			shellPath = /bin/sh;
			shellScript = "diff \"${PODS_PODFILE_DIR_PATH}/Podfile.lock\" \"${PODS_ROOT}/Manifest.lock\" > /dev/null\nif [ $? != 0 ] ; then\n    # print error to STDERR\n    echo \"error: The sandbox is not in sync with the Podfile.lock. Run 'pod install' or update your CocoaPods installation.\" >&2\n    exit 1\nfi\n# This output is used by Xcode 'outputs' to avoid re-running this script phase.\necho \"SUCCESS\" > \"${SCRIPT_OUTPUT_FILE_0}\"\n";
			showEnvVarsInLog = 0;
		};
		7F35972203ADD69CB4217263 /* [CP] Check Pods Manifest.lock */ = {
			isa = PBXShellScriptBuildPhase;
			buildActionMask = 2147483647;
			files = (
			);
			inputFileListPaths = (
			);
			inputPaths = (
				"${PODS_PODFILE_DIR_PATH}/Podfile.lock",
				"${PODS_ROOT}/Manifest.lock",
			);
			name = "[CP] Check Pods Manifest.lock";
			outputFileListPaths = (
			);
			outputPaths = (
				"$(DERIVED_FILE_DIR)/Pods-FlowGuide-checkManifestLockResult.txt",
			);
			runOnlyForDeploymentPostprocessing = 0;
			shellPath = /bin/sh;
			shellScript = "diff \"${PODS_PODFILE_DIR_PATH}/Podfile.lock\" \"${PODS_ROOT}/Manifest.lock\" > /dev/null\nif [ $? != 0 ] ; then\n    # print error to STDERR\n    echo \"error: The sandbox is not in sync with the Podfile.lock. Run 'pod install' or update your CocoaPods installation.\" >&2\n    exit 1\nfi\n# This output is used by Xcode 'outputs' to avoid re-running this script phase.\necho \"SUCCESS\" > \"${SCRIPT_OUTPUT_FILE_0}\"\n";
			showEnvVarsInLog = 0;
		};
		91DCB9769914627562FAF78E /* [CP] Embed Pods Frameworks */ = {
			isa = PBXShellScriptBuildPhase;
			buildActionMask = 2147483647;
			files = (
			);
			inputFileListPaths = (
				"${PODS_ROOT}/Target Support Files/Pods-FlowGuide/Pods-FlowGuide-frameworks-${CONFIGURATION}-input-files.xcfilelist",
			);
			name = "[CP] Embed Pods Frameworks";
			outputFileListPaths = (
				"${PODS_ROOT}/Target Support Files/Pods-FlowGuide/Pods-FlowGuide-frameworks-${CONFIGURATION}-output-files.xcfilelist",
			);
			runOnlyForDeploymentPostprocessing = 0;
			shellPath = /bin/sh;
			shellScript = "\"${PODS_ROOT}/Target Support Files/Pods-FlowGuide/Pods-FlowGuide-frameworks.sh\"\n";
			showEnvVarsInLog = 0;
		};
/* End PBXShellScriptBuildPhase section */

/* Begin PBXSourcesBuildPhase section */
		83006B8E246EE22B00B08094 /* Sources */ = {
			isa = PBXSourcesBuildPhase;
			buildActionMask = 2147483647;
			files = (
				8394E9ED24779AA9002FA8EF /* Helper.swift in Sources */,
				833570E8247AA0C1002E26A0 /* UIColor+Extension.swift in Sources */,
				83357154247E1EEB002E26A0 /* Category.swift in Sources */,
				833570FB247ADB67002E26A0 /* LoginLocalization.swift in Sources */,
				8335713E247C20C5002E26A0 /* APIRequestModel.swift in Sources */,
				83357144247C20C5002E26A0 /* Headers.swift in Sources */,
				83357158247E2CFA002E26A0 /* URL+Extension.swift in Sources */,
				8394EA632477F8A0002FA8EF /* UIScreen+Extension.swift in Sources */,
				8394EA542477F8A0002FA8EF /* NSManagedObjectContext+Extension.swift in Sources */,
				834FEB9C2474D9E800D66A37 /* LoginViewController.swift in Sources */,
				8394E9FD2477BF1D002FA8EF /* NewsTableViewCell.swift in Sources */,
				833570E5247A8A33002E26A0 /* BaseViewController.swift in Sources */,
				83006BA0246EE22B00B08094 /* FlowGuide.xcdatamodeld in Sources */,
				831523ED246F796900F48DDA /* PresenterManager.swift in Sources */,
				833570FE247ADEFD002E26A0 /* LoadingViewModel.swift in Sources */,
				831523FE24722BD500F48DDA /* OnBoardingCollectionViewCell.swift in Sources */,
				8394EA522477F8A0002FA8EF /* DateFormatter+Extension.swift in Sources */,
				833570F2247AD948002E26A0 /* OnBoardingLocalization.swift in Sources */,
				8394EA642477F8A0002FA8EF /* UIView+Extension.swift in Sources */,
				83357105247B7473002E26A0 /* NewsLocalizaion.swift in Sources */,
				833570EB247AA2C1002E26A0 /* Styles.swift in Sources */,
				83357118247BDEA8002E26A0 /* OnBoardingItem.swift in Sources */,
				8394EA5C2477F8A0002FA8EF /* UIApplication+AppVersion.swift in Sources */,
				83006B96246EE22B00B08094 /* AppDelegate.swift in Sources */,
				8394E9FC2477BF1D002FA8EF /* NewsHeaderView.swift in Sources */,
				833570EF247ACBFA002E26A0 /* OnBoardingViewController+CollectionView.swift in Sources */,
				83006B98246EE22B00B08094 /* SceneDelegate.swift in Sources */,
				833570F8247ADA01002E26A0 /* LoginViewModel.swift in Sources */,
				83357152247D8278002E26A0 /* ThemeManager.swift in Sources */,
				8394EA532477F8A0002FA8EF /* UINavigationController+Extension.swift in Sources */,
				8394E9EF24779AA9002FA8EF /* Constants.swift in Sources */,
				8394EA5B2477F8A0002FA8EF /* UIApplication+Extension.swift in Sources */,
				833570DB247A65AF002E26A0 /* OnBoardingViewModel.swift in Sources */,
				83357142247C20C5002E26A0 /* CommonErrorUtility.swift in Sources */,
				833570DF247A660D002E26A0 /* BaseViewModel.swift in Sources */,
				83357148247C20C5002E26A0 /* ErrorProvider.swift in Sources */,
				8394EA052477BFB6002FA8EF /* NewsFeedData.swift in Sources */,
				83006BBE246EE29200B08094 /* LoadingViewController.swift in Sources */,
				8335715B247E4F4E002E26A0 /* CategoryService.swift in Sources */,
				8335715E247E6082002E26A0 /* NewsViewModel.swift in Sources */,
				8394EA012477BF1D002FA8EF /* NewsViewController.swift in Sources */,
				833570F5247AD9A2002E26A0 /* Localizable.swift in Sources */,
				8394EA612477F8A0002FA8EF /* UIDevice+Extension.swift in Sources */,
				83357111247BB13F002E26A0 /* LoadingLocalization.swift in Sources */,
				83357140247C20C5002E26A0 /* ErrorHandler.swift in Sources */,
				83357133247BEE48002E26A0 /* ServiceResponse.swift in Sources */,
				8335714E247D58AD002E26A0 /* SignUpViewModel.swift in Sources */,
				8394EA002477BF1D002FA8EF /* NewsDetailsViewController.swift in Sources */,
				83357102247B741D002E26A0 /* NewsViewController+TableView.swift in Sources */,
				8394EA5F2477F8A0002FA8EF /* String+Extension.swift in Sources */,
				83357156247E1F8E002E26A0 /* Atricle.swift in Sources */,
				833570E2247A8579002E26A0 /* Connectivity.swift in Sources */,
				8335713C247C20C5002E26A0 /* Service.swift in Sources */,
				83357146247C20C5002E26A0 /* NetWorkManager.swift in Sources */,
				8394EA652477F8A0002FA8EF /* UserDefaults+Extension.swift in Sources */,
				8394EA662477F8A0002FA8EF /* CoreDataHelper.swift in Sources */,
				831523FB2472151D00F48DDA /* OnBoardingViewController.swift in Sources */,
				831523F5246F802300F48DDA /* SettingsViewController.swift in Sources */,
				8394E9EE24779AA9002FA8EF /* TableViewProtocol.swift in Sources */,
				8394EA4F2477F8A0002FA8EF /* Dictionary+Extension.swift in Sources */,
			);
			runOnlyForDeploymentPostprocessing = 0;
		};
		83006BA7246EE22D00B08094 /* Sources */ = {
			isa = PBXSourcesBuildPhase;
			buildActionMask = 2147483647;
			files = (
				833570E6247A8A33002E26A0 /* BaseViewController.swift in Sources */,
				83357106247B7473002E26A0 /* NewsLocalizaion.swift in Sources */,
				833570EC247AA2C1002E26A0 /* Styles.swift in Sources */,
				8335715C247E4F4E002E26A0 /* CategoryService.swift in Sources */,
				83357149247C20C5002E26A0 /* ErrorProvider.swift in Sources */,
				833570FF247ADEFD002E26A0 /* LoadingViewModel.swift in Sources */,
				8335713F247C20C5002E26A0 /* APIRequestModel.swift in Sources */,
				833570F9247ADA01002E26A0 /* LoginViewModel.swift in Sources */,
				833570F6247AD9A2002E26A0 /* Localizable.swift in Sources */,
				833570E9247AA0C1002E26A0 /* UIColor+Extension.swift in Sources */,
				833570E3247A8579002E26A0 /* Connectivity.swift in Sources */,
				8335715F247E6082002E26A0 /* NewsViewModel.swift in Sources */,
				83357103247B741D002E26A0 /* NewsViewController+TableView.swift in Sources */,
				833570F3247AD948002E26A0 /* OnBoardingLocalization.swift in Sources */,
				8335713D247C20C5002E26A0 /* Service.swift in Sources */,
				83357119247BDEA8002E26A0 /* OnBoardingItem.swift in Sources */,
				83357145247C20C5002E26A0 /* Headers.swift in Sources */,
				833570F0247ACBFA002E26A0 /* OnBoardingViewController+CollectionView.swift in Sources */,
				83357112247BB13F002E26A0 /* LoadingLocalization.swift in Sources */,
				83357141247C20C5002E26A0 /* ErrorHandler.swift in Sources */,
				833570FC247ADB67002E26A0 /* LoginLocalization.swift in Sources */,
				83006BB0246EE22D00B08094 /* FlowGuideTests.swift in Sources */,
				83357143247C20C5002E26A0 /* CommonErrorUtility.swift in Sources */,
				83357159247E2CFA002E26A0 /* URL+Extension.swift in Sources */,
				83357147247C20C5002E26A0 /* NetWorkManager.swift in Sources */,
				833570DC247A65AF002E26A0 /* OnBoardingViewModel.swift in Sources */,
				83357134247BEE48002E26A0 /* ServiceResponse.swift in Sources */,
				833570E0247A660D002E26A0 /* BaseViewModel.swift in Sources */,
			);
			runOnlyForDeploymentPostprocessing = 0;
		};
/* End PBXSourcesBuildPhase section */

/* Begin PBXTargetDependency section */
		83006BAD246EE22D00B08094 /* PBXTargetDependency */ = {
			isa = PBXTargetDependency;
			target = 83006B91246EE22B00B08094 /* FlowGuide */;
			targetProxy = 83006BAC246EE22D00B08094 /* PBXContainerItemProxy */;
		};
/* End PBXTargetDependency section */

/* Begin PBXVariantGroup section */
		83006B9B246EE22B00B08094 /* Main.storyboard */ = {
			isa = PBXVariantGroup;
			children = (
				83006B9C246EE22B00B08094 /* Base */,
				83357107247BA054002E26A0 /* sv */,
			);
			name = Main.storyboard;
			sourceTree = "<group>";
		};
		83006BA3246EE22D00B08094 /* LaunchScreen.storyboard */ = {
			isa = PBXVariantGroup;
			children = (
				83006BA4246EE22D00B08094 /* Base */,
			);
			name = LaunchScreen.storyboard;
			sourceTree = "<group>";
		};
		8335710E247BA086002E26A0 /* Localizable.strings */ = {
			isa = PBXVariantGroup;
			children = (
				8335710D247BA086002E26A0 /* sv */,
				8335710F247BA091002E26A0 /* en */,
			);
			name = Localizable.strings;
			sourceTree = "<group>";
		};
/* End PBXVariantGroup section */

/* Begin XCBuildConfiguration section */
		83006BB2246EE22D00B08094 /* Debug */ = {
			isa = XCBuildConfiguration;
			buildSettings = {
				ALWAYS_SEARCH_USER_PATHS = NO;
				CLANG_ANALYZER_LOCALIZABILITY_NONLOCALIZED = YES;
				CLANG_ANALYZER_NONNULL = YES;
				CLANG_ANALYZER_NUMBER_OBJECT_CONVERSION = YES_AGGRESSIVE;
				CLANG_CXX_LANGUAGE_STANDARD = "gnu++14";
				CLANG_CXX_LIBRARY = "libc++";
				CLANG_ENABLE_MODULES = YES;
				CLANG_ENABLE_OBJC_ARC = YES;
				CLANG_ENABLE_OBJC_WEAK = YES;
				CLANG_WARN_BLOCK_CAPTURE_AUTORELEASING = YES;
				CLANG_WARN_BOOL_CONVERSION = YES;
				CLANG_WARN_COMMA = YES;
				CLANG_WARN_CONSTANT_CONVERSION = YES;
				CLANG_WARN_DEPRECATED_OBJC_IMPLEMENTATIONS = YES;
				CLANG_WARN_DIRECT_OBJC_ISA_USAGE = YES_ERROR;
				CLANG_WARN_DOCUMENTATION_COMMENTS = YES;
				CLANG_WARN_EMPTY_BODY = YES;
				CLANG_WARN_ENUM_CONVERSION = YES;
				CLANG_WARN_INFINITE_RECURSION = YES;
				CLANG_WARN_INT_CONVERSION = YES;
				CLANG_WARN_NON_LITERAL_NULL_CONVERSION = YES;
				CLANG_WARN_OBJC_IMPLICIT_RETAIN_SELF = YES;
				CLANG_WARN_OBJC_LITERAL_CONVERSION = YES;
				CLANG_WARN_OBJC_ROOT_CLASS = YES_ERROR;
				CLANG_WARN_RANGE_LOOP_ANALYSIS = YES;
				CLANG_WARN_STRICT_PROTOTYPES = YES;
				CLANG_WARN_SUSPICIOUS_MOVE = YES;
				CLANG_WARN_UNGUARDED_AVAILABILITY = YES_AGGRESSIVE;
				CLANG_WARN_UNREACHABLE_CODE = YES;
				CLANG_WARN__DUPLICATE_METHOD_MATCH = YES;
				COPY_PHASE_STRIP = NO;
				DEBUG_INFORMATION_FORMAT = dwarf;
				ENABLE_STRICT_OBJC_MSGSEND = YES;
				ENABLE_TESTABILITY = YES;
				GCC_C_LANGUAGE_STANDARD = gnu11;
				GCC_DYNAMIC_NO_PIC = NO;
				GCC_NO_COMMON_BLOCKS = YES;
				GCC_OPTIMIZATION_LEVEL = 0;
				GCC_PREPROCESSOR_DEFINITIONS = (
					"DEBUG=1",
					"$(inherited)",
				);
				GCC_WARN_64_TO_32_BIT_CONVERSION = YES;
				GCC_WARN_ABOUT_RETURN_TYPE = YES_ERROR;
				GCC_WARN_UNDECLARED_SELECTOR = YES;
				GCC_WARN_UNINITIALIZED_AUTOS = YES_AGGRESSIVE;
				GCC_WARN_UNUSED_FUNCTION = YES;
				GCC_WARN_UNUSED_VARIABLE = YES;
				IPHONEOS_DEPLOYMENT_TARGET = 13.2;
				MTL_ENABLE_DEBUG_INFO = INCLUDE_SOURCE;
				MTL_FAST_MATH = YES;
				ONLY_ACTIVE_ARCH = YES;
				SDKROOT = iphoneos;
				SWIFT_ACTIVE_COMPILATION_CONDITIONS = DEBUG;
				SWIFT_OPTIMIZATION_LEVEL = "-Onone";
			};
			name = Debug;
		};
		83006BB3246EE22D00B08094 /* Release */ = {
			isa = XCBuildConfiguration;
			buildSettings = {
				ALWAYS_SEARCH_USER_PATHS = NO;
				CLANG_ANALYZER_LOCALIZABILITY_NONLOCALIZED = YES;
				CLANG_ANALYZER_NONNULL = YES;
				CLANG_ANALYZER_NUMBER_OBJECT_CONVERSION = YES_AGGRESSIVE;
				CLANG_CXX_LANGUAGE_STANDARD = "gnu++14";
				CLANG_CXX_LIBRARY = "libc++";
				CLANG_ENABLE_MODULES = YES;
				CLANG_ENABLE_OBJC_ARC = YES;
				CLANG_ENABLE_OBJC_WEAK = YES;
				CLANG_WARN_BLOCK_CAPTURE_AUTORELEASING = YES;
				CLANG_WARN_BOOL_CONVERSION = YES;
				CLANG_WARN_COMMA = YES;
				CLANG_WARN_CONSTANT_CONVERSION = YES;
				CLANG_WARN_DEPRECATED_OBJC_IMPLEMENTATIONS = YES;
				CLANG_WARN_DIRECT_OBJC_ISA_USAGE = YES_ERROR;
				CLANG_WARN_DOCUMENTATION_COMMENTS = YES;
				CLANG_WARN_EMPTY_BODY = YES;
				CLANG_WARN_ENUM_CONVERSION = YES;
				CLANG_WARN_INFINITE_RECURSION = YES;
				CLANG_WARN_INT_CONVERSION = YES;
				CLANG_WARN_NON_LITERAL_NULL_CONVERSION = YES;
				CLANG_WARN_OBJC_IMPLICIT_RETAIN_SELF = YES;
				CLANG_WARN_OBJC_LITERAL_CONVERSION = YES;
				CLANG_WARN_OBJC_ROOT_CLASS = YES_ERROR;
				CLANG_WARN_RANGE_LOOP_ANALYSIS = YES;
				CLANG_WARN_STRICT_PROTOTYPES = YES;
				CLANG_WARN_SUSPICIOUS_MOVE = YES;
				CLANG_WARN_UNGUARDED_AVAILABILITY = YES_AGGRESSIVE;
				CLANG_WARN_UNREACHABLE_CODE = YES;
				CLANG_WARN__DUPLICATE_METHOD_MATCH = YES;
				COPY_PHASE_STRIP = NO;
				DEBUG_INFORMATION_FORMAT = "dwarf-with-dsym";
				ENABLE_NS_ASSERTIONS = NO;
				ENABLE_STRICT_OBJC_MSGSEND = YES;
				GCC_C_LANGUAGE_STANDARD = gnu11;
				GCC_NO_COMMON_BLOCKS = YES;
				GCC_WARN_64_TO_32_BIT_CONVERSION = YES;
				GCC_WARN_ABOUT_RETURN_TYPE = YES_ERROR;
				GCC_WARN_UNDECLARED_SELECTOR = YES;
				GCC_WARN_UNINITIALIZED_AUTOS = YES_AGGRESSIVE;
				GCC_WARN_UNUSED_FUNCTION = YES;
				GCC_WARN_UNUSED_VARIABLE = YES;
				IPHONEOS_DEPLOYMENT_TARGET = 13.2;
				MTL_ENABLE_DEBUG_INFO = NO;
				MTL_FAST_MATH = YES;
				SDKROOT = iphoneos;
				SWIFT_COMPILATION_MODE = wholemodule;
				SWIFT_OPTIMIZATION_LEVEL = "-O";
				VALIDATE_PRODUCT = YES;
			};
			name = Release;
		};
		83006BB5246EE22D00B08094 /* Debug */ = {
			isa = XCBuildConfiguration;
			baseConfigurationReference = 07B101422FFB8273DF8E10A7 /* Pods-FlowGuide.debug.xcconfig */;
			buildSettings = {
				ASSETCATALOG_COMPILER_APPICON_NAME = AppIcon;
				CODE_SIGN_STYLE = Automatic;
				INFOPLIST_FILE = FlowGuide/Info.plist;
				LD_RUNPATH_SEARCH_PATHS = (
					"$(inherited)",
					"@executable_path/Frameworks",
				);
				PRODUCT_BUNDLE_IDENTIFIER = com.CG.FlowGuide;
				PRODUCT_NAME = "$(TARGET_NAME)";
				SWIFT_VERSION = 5.0;
				TARGETED_DEVICE_FAMILY = "1,2";
			};
			name = Debug;
		};
		83006BB6246EE22D00B08094 /* Release */ = {
			isa = XCBuildConfiguration;
			baseConfigurationReference = 50DF644C2FDC1DB60BD5F58A /* Pods-FlowGuide.release.xcconfig */;
			buildSettings = {
				ASSETCATALOG_COMPILER_APPICON_NAME = AppIcon;
				CODE_SIGN_STYLE = Automatic;
				INFOPLIST_FILE = FlowGuide/Info.plist;
				LD_RUNPATH_SEARCH_PATHS = (
					"$(inherited)",
					"@executable_path/Frameworks",
				);
				PRODUCT_BUNDLE_IDENTIFIER = com.CG.FlowGuide;
				PRODUCT_NAME = "$(TARGET_NAME)";
				SWIFT_VERSION = 5.0;
				TARGETED_DEVICE_FAMILY = "1,2";
			};
			name = Release;
		};
		83006BB8246EE22D00B08094 /* Debug */ = {
			isa = XCBuildConfiguration;
			baseConfigurationReference = 3802C48D57E3E00969F68F45 /* Pods-FlowGuideTests.debug.xcconfig */;
			buildSettings = {
				ALWAYS_EMBED_SWIFT_STANDARD_LIBRARIES = YES;
				BUNDLE_LOADER = "$(TEST_HOST)";
				CODE_SIGN_STYLE = Automatic;
				INFOPLIST_FILE = FlowGuideTests/Info.plist;
				IPHONEOS_DEPLOYMENT_TARGET = 13.2;
				LD_RUNPATH_SEARCH_PATHS = (
					"$(inherited)",
					"@executable_path/Frameworks",
					"@loader_path/Frameworks",
				);
				PRODUCT_BUNDLE_IDENTIFIER = com.CG.FlowGuideTests;
				PRODUCT_NAME = "$(TARGET_NAME)";
				SWIFT_VERSION = 5.0;
				TARGETED_DEVICE_FAMILY = "1,2";
				TEST_HOST = "$(BUILT_PRODUCTS_DIR)/FlowGuide.app/FlowGuide";
			};
			name = Debug;
		};
		83006BB9246EE22D00B08094 /* Release */ = {
			isa = XCBuildConfiguration;
			baseConfigurationReference = B15D3A0F8827ED010F4F9A6C /* Pods-FlowGuideTests.release.xcconfig */;
			buildSettings = {
				ALWAYS_EMBED_SWIFT_STANDARD_LIBRARIES = YES;
				BUNDLE_LOADER = "$(TEST_HOST)";
				CODE_SIGN_STYLE = Automatic;
				INFOPLIST_FILE = FlowGuideTests/Info.plist;
				IPHONEOS_DEPLOYMENT_TARGET = 13.2;
				LD_RUNPATH_SEARCH_PATHS = (
					"$(inherited)",
					"@executable_path/Frameworks",
					"@loader_path/Frameworks",
				);
				PRODUCT_BUNDLE_IDENTIFIER = com.CG.FlowGuideTests;
				PRODUCT_NAME = "$(TARGET_NAME)";
				SWIFT_VERSION = 5.0;
				TARGETED_DEVICE_FAMILY = "1,2";
				TEST_HOST = "$(BUILT_PRODUCTS_DIR)/FlowGuide.app/FlowGuide";
			};
			name = Release;
		};
/* End XCBuildConfiguration section */

/* Begin XCConfigurationList section */
		83006B8D246EE22B00B08094 /* Build configuration list for PBXProject "FlowGuide" */ = {
			isa = XCConfigurationList;
			buildConfigurations = (
				83006BB2246EE22D00B08094 /* Debug */,
				83006BB3246EE22D00B08094 /* Release */,
			);
			defaultConfigurationIsVisible = 0;
			defaultConfigurationName = Release;
		};
		83006BB4246EE22D00B08094 /* Build configuration list for PBXNativeTarget "FlowGuide" */ = {
			isa = XCConfigurationList;
			buildConfigurations = (
				83006BB5246EE22D00B08094 /* Debug */,
				83006BB6246EE22D00B08094 /* Release */,
			);
			defaultConfigurationIsVisible = 0;
			defaultConfigurationName = Release;
		};
		83006BB7246EE22D00B08094 /* Build configuration list for PBXNativeTarget "FlowGuideTests" */ = {
			isa = XCConfigurationList;
			buildConfigurations = (
				83006BB8246EE22D00B08094 /* Debug */,
				83006BB9246EE22D00B08094 /* Release */,
			);
			defaultConfigurationIsVisible = 0;
			defaultConfigurationName = Release;
		};
/* End XCConfigurationList section */

/* Begin XCVersionGroup section */
		83006B9E246EE22B00B08094 /* FlowGuide.xcdatamodeld */ = {
			isa = XCVersionGroup;
			children = (
				83006B9F246EE22B00B08094 /* FlowGuide.xcdatamodel */,
			);
			currentVersion = 83006B9F246EE22B00B08094 /* FlowGuide.xcdatamodel */;
			path = FlowGuide.xcdatamodeld;
			sourceTree = "<group>";
			versionGroupType = wrapper.xcdatamodel;
		};
/* End XCVersionGroup section */
	};
	rootObject = 83006B8A246EE22B00B08094 /* Project object */;
}
